
Microsoft Visual Studio Solution File, Format Version 12.00
# Visual Studio Version 17
VisualStudioVersion = 17.10.34607.79
MinimumVisualStudioVersion = 10.0.40219.1
Project("{FAE04EC0-301F-11D3-BF4B-00C04F79EFBC}") = "VSpaceEncoding", "VSpaceEncoding\VSpaceEncoding.csproj", "{35DE5258-EDF6-464D-AD81-AF93AC6C47F6}"
EndProject
Project("{FAE04EC0-301F-11D3-BF4B-00C04F79EFBC}") = "VSpaceEncoding.Tests", "VSpaceEncoding.Tests\VSpaceEncoding.Tests.csproj", "{23EE4666-1F75-4170-A992-A68E00BFD45E}"
EndProject
Global
	GlobalSection(SolutionConfigurationPlatforms) = preSolution
		Debug|Any CPU = Debug|Any CPU
		Release|Any CPU = Release|Any CPU
	EndGlobalSection
	GlobalSection(ProjectConfigurationPlatforms) = postSolution
		{35DE5258-EDF6-464D-AD81-AF93AC6C47F6}.Debug|Any CPU.ActiveCfg = Debug|Any CPU
		{35DE5258-EDF6-464D-AD81-AF93AC6C47F6}.Debug|Any CPU.Build.0 = Debug|Any CPU
		{35DE5258-EDF6-464D-AD81-AF93AC6C47F6}.Release|Any CPU.ActiveCfg = Release|Any CPU
		{35DE5258-EDF6-464D-AD81-AF93AC6C47F6}.Release|Any CPU.Build.0 = Release|Any CPU
		{23EE4666-1F75-4170-A992-A68E00BFD45E}.Debug|Any CPU.ActiveCfg = Debug|Any CPU
		{23EE4666-1F75-4170-A992-A68E00BFD45E}.Debug|Any CPU.Build.0 = Debug|Any CPU
		{23EE4666-1F75-4170-A992-A68E00BFD45E}.Release|Any CPU.ActiveCfg = Release|Any CPU
		{23EE4666-1F75-4170-A992-A68E00BFD45E}.Release|Any CPU.Build.0 = Release|Any CPU
	EndGlobalSection
	GlobalSection(SolutionProperties) = preSolution
		HideSolutionNode = FALSE
	EndGlobalSection
	GlobalSection(ExtensibilityGlobals) = postSolution
		SolutionGuid = {4CCA5C11-2195-4C79-B531-472B5E25F76B}
	EndGlobalSection
EndGlobal
